
Microsoft Visual Studio Solution File, Format Version 12.00
# Visual Studio Version 17
VisualStudioVersion = 17.6.33829.357
MinimumVisualStudioVersion = 10.0.40219.1
Project("{FAE04EC0-301F-11D3-BF4B-00C04F79EFBC}") = "NicolaiPractice", "NicolaiPractice\NicolaiPractice.csproj", "{EC5ADF3C-A2AE-499F-9D69-70A04FE52789}"
EndProject
Global
	GlobalSection(SolutionConfigurationPlatforms) = preSolution
		Debug|Any CPU = Debug|Any CPU
		Release|Any CPU = Release|Any CPU
	EndGlobalSection
	GlobalSection(ProjectConfigurationPlatforms) = postSolution
		{EC5ADF3C-A2AE-499F-9D69-70A04FE52789}.Debug|Any CPU.ActiveCfg = Debug|Any CPU
		{EC5ADF3C-A2AE-499F-9D69-70A04FE52789}.Debug|Any CPU.Build.0 = Debug|Any CPU
		{EC5ADF3C-A2AE-499F-9D69-70A04FE52789}.Release|Any CPU.ActiveCfg = Release|Any CPU
		{EC5ADF3C-A2AE-499F-9D69-70A04FE52789}.Release|Any CPU.Build.0 = Release|Any CPU
	EndGlobalSection
	GlobalSection(SolutionProperties) = preSolution
		HideSolutionNode = FALSE
	EndGlobalSection
	GlobalSection(ExtensibilityGlobals) = postSolution
		SolutionGuid = {E8A9A763-D358-4535-A8A8-433813B17710}
	EndGlobalSection
EndGlobal
